
Microsoft Visual Studio Solution File, Format Version 12.00
# Visual Studio 15
VisualStudioVersion = 15.0.27004.2009
MinimumVisualStudioVersion = 10.0.40219.1
Project("{FAE04EC0-301F-11D3-BF4B-00C04F79EFBC}") = "OpenGL", "OpenGL\OpenGL.csproj", "{AE74FF4A-E7A1-4290-B4B3-4A4F2024741C}"
EndProject
Global
	GlobalSection(SolutionConfigurationPlatforms) = preSolution
		Debug|Any CPU = Debug|Any CPU
		Release|Any CPU = Release|Any CPU
	EndGlobalSection
	GlobalSection(ProjectConfigurationPlatforms) = postSolution
		{AE74FF4A-E7A1-4290-B4B3-4A4F2024741C}.Debug|Any CPU.ActiveCfg = Debug|Any CPU
		{AE74FF4A-E7A1-4290-B4B3-4A4F2024741C}.Debug|Any CPU.Build.0 = Debug|Any CPU
		{AE74FF4A-E7A1-4290-B4B3-4A4F2024741C}.Release|Any CPU.ActiveCfg = Release|Any CPU
		{AE74FF4A-E7A1-4290-B4B3-4A4F2024741C}.Release|Any CPU.Build.0 = Release|Any CPU
	EndGlobalSection
	GlobalSection(SolutionProperties) = preSolution
		HideSolutionNode = FALSE
	EndGlobalSection
	GlobalSection(ExtensibilityGlobals) = postSolution
		SolutionGuid = {18070CDF-54BB-4A0A-A9F3-7E9AF84E6DC7}
	EndGlobalSection
EndGlobal
